
Microsoft Visual Studio Solution File, Format Version 12.00
# Visual Studio Version 17
VisualStudioVersion = 17.9.34728.123
MinimumVisualStudioVersion = 10.0.40219.1
Project("{9A19103F-16F7-4668-BE54-9A1E7A4F7556}") = "api_corelation", "api_corelation.csproj", "{77B9D798-4298-43CF-970A-7A1B7590D08D}"
EndProject
Global
	GlobalSection(SolutionConfigurationPlatforms) = preSolution
		Debug|Any CPU = Debug|Any CPU
		Release|Any CPU = Release|Any CPU
	EndGlobalSection
	GlobalSection(ProjectConfigurationPlatforms) = postSolution
		{77B9D798-4298-43CF-970A-7A1B7590D08D}.Debug|Any CPU.ActiveCfg = Debug|Any CPU
		{77B9D798-4298-43CF-970A-7A1B7590D08D}.Debug|Any CPU.Build.0 = Debug|Any CPU
		{77B9D798-4298-43CF-970A-7A1B7590D08D}.Release|Any CPU.ActiveCfg = Release|Any CPU
		{77B9D798-4298-43CF-970A-7A1B7590D08D}.Release|Any CPU.Build.0 = Release|Any CPU
	EndGlobalSection
	GlobalSection(SolutionProperties) = preSolution
		HideSolutionNode = FALSE
	EndGlobalSection
	GlobalSection(ExtensibilityGlobals) = postSolution
		SolutionGuid = {33E602F4-F9DB-4F1E-B5A7-171C72C6FFC6}
	EndGlobalSection
EndGlobal
